<?xml version="1.0" encoding="utf-8"?>
<Project ToolsVersion="4.0" xmlns="http://schemas.microsoft.com/developer/msbuild/2003">
  <ItemGroup>
    <Filter Include="Background">
      <UniqueIdentifier>{ec40f8e9-6ea3-433b-8aba-fc8a4d02227d}</UniqueIdentifier>
    </Filter>
    <Filter Include="FXFlatform">
      <UniqueIdentifier>{704332a7-2c57-4094-bad9-5707030639dc}</UniqueIdentifier>
    </Filter>
    <Filter Include="Social">
      <UniqueIdentifier>{f3dc5fe9-2efc-4ffd-b986-878d8f8712a5}</UniqueIdentifier>
    </Filter>
    <Filter Include="UI">
      <UniqueIdentifier>{412fef7e-fa90-4a34-b0f1-2cbb889a7c42}</UniqueIdentifier>
    </Filter>
    <Filter Include="Social\Downloader">
      <UniqueIdentifier>{6fd49fcd-eda8-46fa-96db-e5c1fab159b3}</UniqueIdentifier>
    </Filter>
    <Filter Include="Object">
      <UniqueIdentifier>{86594c68-053f-4680-b882-981c5e7a0dd9}</UniqueIdentifier>
    </Filter>
  </ItemGroup>
  <ItemGroup>
    <ClInclude Include="..\..\Code\Background\BGObject.h">
      <Filter>Background</Filter>
    </ClInclude>
    <ClInclude Include="..\..\Code\Background\ObjectBGEntity.h">
      <Filter>Background</Filter>
    </ClInclude>
    <ClInclude Include="..\..\Code\FXFlatform\XFlatform.h">
      <Filter>FXFlatform</Filter>
    </ClInclude>
    <ClInclude Include="..\..\Code\Social\SocialManager.h">
      <Filter>Social</Filter>
    </ClInclude>
    <ClInclude Include="..\..\Code\Social\Downloader\DownloadHandler.h">
      <Filter>Social\Downloader</Filter>
    </ClInclude>
    <ClInclude Include="..\..\Code\DisplayView.h" />
    <ClInclude Include="..\..\Code\Factory.h" />
    <ClInclude Include="..\..\Code\FileManager.h" />
    <ClInclude Include="..\..\Code\InputManager.h" />
    <ClInclude Include="..\..\Code\LoadDataXML.h" />
    <ClInclude Include="..\..\Code\ObjectTexture.h" />
    <ClInclude Include="..\..\Code\SoundManager.h" />
    <ClInclude Include="..\..\Code\Object\wObject.h">
      <Filter>Object</Filter>
    </ClInclude>
    <ClInclude Include="..\..\Code\LanguageMgr.h" />
    <ClInclude Include="..\..\Code\wTool.h" />
    <ClInclude Include="..\..\Code\UI\ActionCommand.h">
      <Filter>UI</Filter>
    </ClInclude>
    <ClInclude Include="..\..\Code\UI\ActionProcess.h">
      <Filter>UI</Filter>
    </ClInclude>
    <ClInclude Include="..\..\Code\UI\LayerEntity.h">
      <Filter>UI</Filter>
    </ClInclude>
    <ClInclude Include="..\..\Code\UI\Menu.h">
      <Filter>UI</Filter>
    </ClInclude>
    <ClInclude Include="..\..\Code\UI\wAnimationWidget.h">
      <Filter>UI</Filter>
    </ClInclude>
    <ClInclude Include="..\..\Code\UI\wButton.h">
      <Filter>UI</Filter>
    </ClInclude>
    <ClInclude Include="..\..\Code\UI\wCheckBox.h">
      <Filter>UI</Filter>
    </ClInclude>
    <ClInclude Include="..\..\Code\UI\wEditBox.h">
      <Filter>UI</Filter>
    </ClInclude>
    <ClInclude Include="..\..\Code\UI\WidgetEntity.h">
      <Filter>UI</Filter>
    </ClInclude>
    <ClInclude Include="..\..\Code\UI\wLayout.h">
      <Filter>UI</Filter>
    </ClInclude>
    <ClInclude Include="..\..\Code\UI\wListView.h">
      <Filter>UI</Filter>
    </ClInclude>
    <ClInclude Include="..\..\Code\UI\wListViewTable.h">
      <Filter>UI</Filter>
    </ClInclude>
    <ClInclude Include="..\..\Code\UI\wLoadingBar.h">
      <Filter>UI</Filter>
    </ClInclude>
    <ClInclude Include="..\..\Code\UI\wPageView.h">
      <Filter>UI</Filter>
    </ClInclude>
    <ClInclude Include="..\..\Code\UI\wPanel.h">
      <Filter>UI</Filter>
    </ClInclude>
    <ClInclude Include="..\..\Code\UI\wPanelClipping.h">
      <Filter>UI</Filter>
    </ClInclude>
    <ClInclude Include="..\..\Code\UI\wParticle.h">
      <Filter>UI</Filter>
    </ClInclude>
    <ClInclude Include="..\..\Code\UI\wRadioBtn.h">
      <Filter>UI</Filter>
    </ClInclude>
    <ClInclude Include="..\..\Code\UI\wScrollView.h">
      <Filter>UI</Filter>
    </ClInclude>
    <ClInclude Include="..\..\Code\UI\wSlider.h">
      <Filter>UI</Filter>
    </ClInclude>
    <ClInclude Include="..\..\Code\UI\wText.h">
      <Filter>UI</Filter>
    </ClInclude>
    <ClInclude Include="..\..\Code\UI\wTextField.h">
      <Filter>UI</Filter>
    </ClInclude>
    <ClInclude Include="..\..\Code\UI\wTimeDigitalWidget.h">
      <Filter>UI</Filter>
    </ClInclude>
    <ClInclude Include="..\..\Code\UI\wTimeProcessWidget.h">
      <Filter>UI</Filter>
    </ClInclude>
  </ItemGroup>
  <ItemGroup>
    <ClCompile Include="..\..\Code\Background\ObjectBGEntity.cpp">
      <Filter>Background</Filter>
    </ClCompile>
    <ClCompile Include="..\..\Code\Background\BGObject.cpp">
      <Filter>Background</Filter>
    </ClCompile>
    <ClCompile Include="..\..\Code\FXFlatform\XFlatform.cpp">
      <Filter>FXFlatform</Filter>
    </ClCompile>
    <ClCompile Include="..\..\Code\Social\SocialManager.cpp">
      <Filter>Social</Filter>
    </ClCompile>
    <ClCompile Include="..\..\Code\Social\Downloader\DownloadHandler.cpp">
      <Filter>Social\Downloader</Filter>
    </ClCompile>
    <ClCompile Include="..\..\Code\DisplayView.cpp" />
    <ClCompile Include="..\..\Code\FileManager.cpp" />
    <ClCompile Include="..\..\Code\InputManager.cpp" />
    <ClCompile Include="..\..\Code\LoadDataXML.cpp" />
    <ClCompile Include="..\..\Code\ObjectTexture.cpp" />
    <ClCompile Include="..\..\Code\SoundManager.cpp" />
    <ClCompile Include="..\..\Code\Object\wObject.cpp">
      <Filter>Object</Filter>
    </ClCompile>
    <ClCompile Include="..\..\Code\LanguageMgr.cpp" />
    <ClCompile Include="..\..\Code\wTool.cpp" />
    <ClCompile Include="..\..\Code\UI\ActionCommand.cpp">
      <Filter>UI</Filter>
    </ClCompile>
    <ClCompile Include="..\..\Code\UI\ActionProcess.cpp">
      <Filter>UI</Filter>
    </ClCompile>
    <ClCompile Include="..\..\Code\UI\LayerEntity.cpp">
      <Filter>UI</Filter>
    </ClCompile>
    <ClCompile Include="..\..\Code\UI\Menu.cpp">
      <Filter>UI</Filter>
    </ClCompile>
    <ClCompile Include="..\..\Code\UI\wAnimationWidget.cpp">
      <Filter>UI</Filter>
    </ClCompile>
    <ClCompile Include="..\..\Code\UI\wButton.cpp">
      <Filter>UI</Filter>
    </ClCompile>
    <ClCompile Include="..\..\Code\UI\wCheckBox.cpp">
      <Filter>UI</Filter>
    </ClCompile>
    <ClCompile Include="..\..\Code\UI\wEditBox.cpp">
      <Filter>UI</Filter>
    </ClCompile>
    <ClCompile Include="..\..\Code\UI\WidgetEntity.cpp">
      <Filter>UI</Filter>
    </ClCompile>
    <ClCompile Include="..\..\Code\UI\wLayout.cpp">
      <Filter>UI</Filter>
    </ClCompile>
    <ClCompile Include="..\..\Code\UI\wListView.cpp">
      <Filter>UI</Filter>
    </ClCompile>
    <ClCompile Include="..\..\Code\UI\wListViewTable.cpp">
      <Filter>UI</Filter>
    </ClCompile>
    <ClCompile Include="..\..\Code\UI\wLoadingBar.cpp">
      <Filter>UI</Filter>
    </ClCompile>
    <ClCompile Include="..\..\Code\UI\wPageView.cpp">
      <Filter>UI</Filter>
    </ClCompile>
    <ClCompile Include="..\..\Code\UI\wPanel.cpp">
      <Filter>UI</Filter>
    </ClCompile>
    <ClCompile Include="..\..\Code\UI\wPanelClipping.cpp">
      <Filter>UI</Filter>
    </ClCompile>
    <ClCompile Include="..\..\Code\UI\wParticle.cpp">
      <Filter>UI</Filter>
    </ClCompile>
    <ClCompile Include="..\..\Code\UI\wRadioBtn.cpp">
      <Filter>UI</Filter>
    </ClCompile>
    <ClCompile Include="..\..\Code\UI\wScrollView.cpp">
      <Filter>UI</Filter>
    </ClCompile>
    <ClCompile Include="..\..\Code\UI\wSlider.cpp">
      <Filter>UI</Filter>
    </ClCompile>
    <ClCompile Include="..\..\Code\UI\wText.cpp">
      <Filter>UI</Filter>
    </ClCompile>
    <ClCompile Include="..\..\Code\UI\wTextField.cpp">
      <Filter>UI</Filter>
    </ClCompile>
    <ClCompile Include="..\..\Code\UI\wTimeDigitalWidget.cpp">
      <Filter>UI</Filter>
    </ClCompile>
    <ClCompile Include="..\..\Code\UI\wTimeProcessWidget.cpp">
      <Filter>UI</Filter>
    </ClCompile>
  </ItemGroup>
</Project>