<?xml version="1.0" encoding="utf-8"?>
<Project ToolsVersion="4.0" xmlns="http://schemas.microsoft.com/developer/msbuild/2003">
  <ItemGroup>
    <Filter Include="Classes">
      <UniqueIdentifier>{4FC737F1-C7A5-4376-A066-2A32D752A2FF}</UniqueIdentifier>
      <Extensions>cpp;c;cc;cxx;def;odl;idl;hpj;bat;asm;asmx</Extensions>
    </Filter>
    <Filter Include="win32">
      <UniqueIdentifier>{93995380-89BD-4b04-88EB-625FBE52EBFB}</UniqueIdentifier>
      <Extensions>h;hpp;hxx;hm;inl;inc;xsd</Extensions>
    </Filter>
    <Filter Include="Classes\JsObject">
      <UniqueIdentifier>{76276b9a-8884-479f-9d0d-c4da7181fe8c}</UniqueIdentifier>
    </Filter>
    <Filter Include="Classes\JsObject\Vietlot">
      <UniqueIdentifier>{74c7db64-4711-4b80-8db0-1d432f894b4b}</UniqueIdentifier>
    </Filter>
  </ItemGroup>
  <ItemGroup>
    <ClCompile Include="win32\main.cpp">
      <Filter>win32</Filter>
    </ClCompile>
    <ClCompile Include="..\vietlot\Classes\AppDelegate.cpp">
      <Filter>Classes</Filter>
    </ClCompile>
    <ClCompile Include="..\vietlot\Classes\MainGame.cpp">
      <Filter>Classes</Filter>
    </ClCompile>
    <ClCompile Include="..\vietlot\Classes\JsObject\JsObject.cpp">
      <Filter>Classes\JsObject</Filter>
    </ClCompile>
    <ClCompile Include="..\vietlot\Classes\JsObject\Vietlot\DetailVietlot.cpp">
      <Filter>Classes\JsObject\Vietlot</Filter>
    </ClCompile>
    <ClCompile Include="..\vietlot\Classes\Utils.cpp">
      <Filter>Classes</Filter>
    </ClCompile>
  </ItemGroup>
  <ItemGroup>
    <ClInclude Include="win32\main.h">
      <Filter>win32</Filter>
    </ClInclude>
    <ClInclude Include="resource.h">
      <Filter>win32</Filter>
    </ClInclude>
    <ClInclude Include="..\vietlot\Classes\AppDelegate.h">
      <Filter>Classes</Filter>
    </ClInclude>
    <ClInclude Include="..\vietlot\Classes\AppMacros.h">
      <Filter>Classes</Filter>
    </ClInclude>
    <ClInclude Include="..\vietlot\Classes\MainGame.h">
      <Filter>Classes</Filter>
    </ClInclude>
    <ClInclude Include="..\vietlot\Classes\JsObject\JsObject.h">
      <Filter>Classes\JsObject</Filter>
    </ClInclude>
    <ClInclude Include="..\vietlot\Classes\JsObject\Vietlot\DetailVietlot.h">
      <Filter>Classes\JsObject\Vietlot</Filter>
    </ClInclude>
    <ClInclude Include="..\vietlot\Classes\Utils.h">
      <Filter>Classes</Filter>
    </ClInclude>
  </ItemGroup>
  <ItemGroup>
    <ResourceCompile Include="vietlot_win32.rc">
      <Filter>win32</Filter>
    </ResourceCompile>
  </ItemGroup>
  <ItemGroup>
    <Image Include="icon1.ico">
      <Filter>win32</Filter>
    </Image>
  </ItemGroup>
</Project>